
Microsoft Visual Studio Solution File, Format Version 11.00
# Visual Studio 2010
Project("{FAE04EC0-301F-11D3-BF4B-00C04F79EFBC}") = "showForMoves", "Assembly-CSharp.csproj", "{D4537901-C9A7-8540-79F7-E756F384BD7E}"
EndProject
Project("{7F0785AB-FBC1-D92B-8742-9C5DE51F87F3}") = "showForMoves", "Assembly-UnityScript.unityproj", "{48A5B6E9-D027-DD5B-40EC-D7EFD311B8E8}"
EndProject
Global
	GlobalSection(SolutionConfigurationPlatforms) = preSolution
		Debug|Any CPU = Debug|Any CPU
		Release|Any CPU = Release|Any CPU
	EndGlobalSection
	GlobalSection(ProjectConfigurationPlatforms) = postSolution
		{D4537901-C9A7-8540-79F7-E756F384BD7E}.Debug|Any CPU.ActiveCfg = Debug|Any CPU
		{D4537901-C9A7-8540-79F7-E756F384BD7E}.Debug|Any CPU.Build.0 = Debug|Any CPU
		{D4537901-C9A7-8540-79F7-E756F384BD7E}.Release|Any CPU.ActiveCfg = Release|Any CPU
		{D4537901-C9A7-8540-79F7-E756F384BD7E}.Release|Any CPU.Build.0 = Release|Any CPU
		{48A5B6E9-D027-DD5B-40EC-D7EFD311B8E8}.Debug|Any CPU.ActiveCfg = Debug|Any CPU
		{48A5B6E9-D027-DD5B-40EC-D7EFD311B8E8}.Debug|Any CPU.Build.0 = Debug|Any CPU
		{48A5B6E9-D027-DD5B-40EC-D7EFD311B8E8}.Release|Any CPU.ActiveCfg = Release|Any CPU
		{48A5B6E9-D027-DD5B-40EC-D7EFD311B8E8}.Release|Any CPU.Build.0 = Release|Any CPU
	EndGlobalSection
	GlobalSection(SolutionProperties) = preSolution
		HideSolutionNode = FALSE
	EndGlobalSection
	GlobalSection(MonoDevelopProperties) = preSolution
		StartupItem = Assembly-CSharp.csproj
	EndGlobalSection
EndGlobal
